// !$*UTF8*$!
{
	archiveVersion = 1;
	classes = {
	};
	objectVersion = 46;
	objects = {

/* Begin PBXBuildFile section */
		CF20467C1A81089E00521293 /* Event.m in Sources */ = {isa = PBXBuildFile; fileRef = CF20467B1A81089E00521293 /* Event.m */; };
		CF2046861A81192100521293 /* OC_Event_Test.m in Sources */ = {isa = PBXBuildFile; fileRef = CF2046851A81192100521293 /* OC_Event_Test.m */; };
		CF20468A1A81227600521293 /* OC_Event_Test.m in Sources */ = {isa = PBXBuildFile; fileRef = CF2046851A81192100521293 /* OC_Event_Test.m */; };
		CF20468B1A8125C400521293 /* Event.m in Sources */ = {isa = PBXBuildFile; fileRef = CF20467B1A81089E00521293 /* Event.m */; };
/* End PBXBuildFile section */

/* Begin PBXCopyFilesBuildPhase section */
		CF20466E1A81087100521293 /* CopyFiles */ = {
			isa = PBXCopyFilesBuildPhase;
			buildActionMask = 2147483647;
			dstPath = /usr/share/man/man1/;
			dstSubfolderSpec = 0;
			files = (
			);
			runOnlyForDeploymentPostprocessing = 1;
		};
/* End PBXCopyFilesBuildPhase section */

/* Begin PBXFileReference section */
		CF2046701A81087100521293 /* OC_Event */ = {isa = PBXFileReference; explicitFileType = "compiled.mach-o.executable"; includeInIndex = 0; path = OC_Event; sourceTree = BUILT_PRODUCTS_DIR; };
		CF20467A1A81089E00521293 /* Event.h */ = {isa = PBXFileReference; fileEncoding = 4; lastKnownFileType = sourcecode.c.h; path = Event.h; sourceTree = "<group>"; };
		CF20467B1A81089E00521293 /* Event.m */ = {isa = PBXFileReference; fileEncoding = 4; lastKnownFileType = sourcecode.c.objc; path = Event.m; sourceTree = "<group>"; };
		CF2046811A81192100521293 /* OC_Event_Test.xctest */ = {isa = PBXFileReference; explicitFileType = wrapper.cfbundle; includeInIndex = 0; path = OC_Event_Test.xctest; sourceTree = BUILT_PRODUCTS_DIR; };
		CF2046841A81192100521293 /* Info.plist */ = {isa = PBXFileReference; lastKnownFileType = text.plist.xml; path = Info.plist; sourceTree = "<group>"; };
		CF2046851A81192100521293 /* OC_Event_Test.m */ = {isa = PBXFileReference; lastKnownFileType = sourcecode.c.objc; name = OC_Event_Test.m; path = OC_Event_Test/OC_Event_Test.m; sourceTree = SOURCE_ROOT; };
/* End PBXFileReference section */

/* Begin PBXFrameworksBuildPhase section */
		CF20466D1A81087100521293 /* Frameworks */ = {
			isa = PBXFrameworksBuildPhase;
			buildActionMask = 2147483647;
			files = (
			);
			runOnlyForDeploymentPostprocessing = 0;
		};
		CF20467E1A81192100521293 /* Frameworks */ = {
			isa = PBXFrameworksBuildPhase;
			buildActionMask = 2147483647;
			files = (
			);
			runOnlyForDeploymentPostprocessing = 0;
		};
/* End PBXFrameworksBuildPhase section */

/* Begin PBXGroup section */
		CF2046671A81087100521293 = {
			isa = PBXGroup;
			children = (
				CF2046721A81087100521293 /* OC_Event */,
				CF2046821A81192100521293 /* OC_Event_Test */,
				CF2046711A81087100521293 /* Products */,
			);
			sourceTree = "<group>";
		};
		CF2046711A81087100521293 /* Products */ = {
			isa = PBXGroup;
			children = (
				CF2046701A81087100521293 /* OC_Event */,
				CF2046811A81192100521293 /* OC_Event_Test.xctest */,
			);
			name = Products;
			sourceTree = "<group>";
		};
		CF2046721A81087100521293 /* OC_Event */ = {
			isa = PBXGroup;
			children = (
				CF20467A1A81089E00521293 /* Event.h */,
				CF20467B1A81089E00521293 /* Event.m */,
			);
			path = OC_Event;
			sourceTree = "<group>";
		};
		CF2046821A81192100521293 /* OC_Event_Test */ = {
			isa = PBXGroup;
			children = (
				CF2046851A81192100521293 /* OC_Event_Test.m */,
				CF2046831A81192100521293 /* Supporting Files */,
			);
			path = OC_Event_Test;
			sourceTree = SOURCE_ROOT;
		};
		CF2046831A81192100521293 /* Supporting Files */ = {
			isa = PBXGroup;
			children = (
				CF2046841A81192100521293 /* Info.plist */,
			);
			name = "Supporting Files";
			sourceTree = "<group>";
		};
/* End PBXGroup section */

/* Begin PBXNativeTarget section */
		CF20466F1A81087100521293 /* OC_Event */ = {
			isa = PBXNativeTarget;
			buildConfigurationList = CF2046771A81087100521293 /* Build configuration list for PBXNativeTarget "OC_Event" */;
			buildPhases = (
				CF20466C1A81087100521293 /* Sources */,
				CF20466D1A81087100521293 /* Frameworks */,
				CF20466E1A81087100521293 /* CopyFiles */,
			);
			buildRules = (
			);
			dependencies = (
			);
			name = OC_Event;
			productName = OC_Event;
			productReference = CF2046701A81087100521293 /* OC_Event */;
			productType = "com.apple.product-type.tool";
		};
		CF2046801A81192100521293 /* OC_Event_Test */ = {
			isa = PBXNativeTarget;
			buildConfigurationList = CF2046871A81192100521293 /* Build configuration list for PBXNativeTarget "OC_Event_Test" */;
			buildPhases = (
				CF20467D1A81192100521293 /* Sources */,
				CF20467E1A81192100521293 /* Frameworks */,
				CF20467F1A81192100521293 /* Resources */,
			);
			buildRules = (
			);
			dependencies = (
			);
			name = OC_Event_Test;
			productName = OC_Event_Test;
			productReference = CF2046811A81192100521293 /* OC_Event_Test.xctest */;
			productType = "com.apple.product-type.bundle.unit-test";
		};
/* End PBXNativeTarget section */

/* Begin PBXProject section */
		CF2046681A81087100521293 /* Project object */ = {
			isa = PBXProject;
			attributes = {
				LastUpgradeCheck = 0610;
				ORGANIZATIONNAME = "庄恒飞";
				TargetAttributes = {
					CF20466F1A81087100521293 = {
						CreatedOnToolsVersion = 6.1.1;
					};
					CF2046801A81192100521293 = {
						CreatedOnToolsVersion = 6.1.1;
					};
				};
			};
			buildConfigurationList = CF20466B1A81087100521293 /* Build configuration list for PBXProject "OC_Event" */;
			compatibilityVersion = "Xcode 3.2";
			developmentRegion = English;
			hasScannedForEncodings = 0;
			knownRegions = (
				en,
			);
			mainGroup = CF2046671A81087100521293;
			productRefGroup = CF2046711A81087100521293 /* Products */;
			projectDirPath = "";
			projectRoot = "";
			targets = (
				CF20466F1A81087100521293 /* OC_Event */,
				CF2046801A81192100521293 /* OC_Event_Test */,
			);
		};
/* End PBXProject section */

/* Begin PBXResourcesBuildPhase section */
		CF20467F1A81192100521293 /* Resources */ = {
			isa = PBXResourcesBuildPhase;
			buildActionMask = 2147483647;
			files = (
			);
			runOnlyForDeploymentPostprocessing = 0;
		};
/* End PBXResourcesBuildPhase section */

/* Begin PBXSourcesBuildPhase section */
		CF20466C1A81087100521293 /* Sources */ = {
			isa = PBXSourcesBuildPhase;
			buildActionMask = 2147483647;
			files = (
				CF20467C1A81089E00521293 /* Event.m in Sources */,
				CF20468A1A81227600521293 /* OC_Event_Test.m in Sources */,
			);
			runOnlyForDeploymentPostprocessing = 0;
		};
		CF20467D1A81192100521293 /* Sources */ = {
			isa = PBXSourcesBuildPhase;
			buildActionMask = 2147483647;
			files = (
				CF20468B1A8125C400521293 /* Event.m in Sources */,
				CF2046861A81192100521293 /* OC_Event_Test.m in Sources */,
			);
			runOnlyForDeploymentPostprocessing = 0;
		};
/* End PBXSourcesBuildPhase section */

/* Begin XCBuildConfiguration section */
		CF2046751A81087100521293 /* Debug */ = {
			isa = XCBuildConfiguration;
			buildSettings = {
				ALWAYS_SEARCH_USER_PATHS = NO;
				CLANG_CXX_LANGUAGE_STANDARD = "gnu++0x";
				CLANG_CXX_LIBRARY = "libc++";
				CLANG_ENABLE_MODULES = YES;
				CLANG_ENABLE_OBJC_ARC = YES;
				CLANG_WARN_BOOL_CONVERSION = YES;
				CLANG_WARN_CONSTANT_CONVERSION = YES;
				CLANG_WARN_DIRECT_OBJC_ISA_USAGE = YES_ERROR;
				CLANG_WARN_EMPTY_BODY = YES;
				CLANG_WARN_ENUM_CONVERSION = YES;
				CLANG_WARN_INT_CONVERSION = YES;
				CLANG_WARN_OBJC_ROOT_CLASS = YES_ERROR;
				CLANG_WARN_UNREACHABLE_CODE = YES;
				CLANG_WARN__DUPLICATE_METHOD_MATCH = YES;
				COPY_PHASE_STRIP = NO;
				ENABLE_STRICT_OBJC_MSGSEND = YES;
				GCC_C_LANGUAGE_STANDARD = gnu99;
				GCC_DYNAMIC_NO_PIC = NO;
				GCC_OPTIMIZATION_LEVEL = 0;
				GCC_PREPROCESSOR_DEFINITIONS = (
					"DEBUG=1",
					"$(inherited)",
				);
				GCC_SYMBOLS_PRIVATE_EXTERN = NO;
				GCC_WARN_64_TO_32_BIT_CONVERSION = YES;
				GCC_WARN_ABOUT_RETURN_TYPE = YES_ERROR;
				GCC_WARN_UNDECLARED_SELECTOR = YES;
				GCC_WARN_UNINITIALIZED_AUTOS = YES_AGGRESSIVE;
				GCC_WARN_UNUSED_FUNCTION = YES;
				GCC_WARN_UNUSED_VARIABLE = YES;
				MACOSX_DEPLOYMENT_TARGET = 10.10;
				MTL_ENABLE_DEBUG_INFO = YES;
				ONLY_ACTIVE_ARCH = YES;
				SDKROOT = macosx;
			};
			name = Debug;
		};
		CF2046761A81087100521293 /* Release */ = {
			isa = XCBuildConfiguration;
			buildSettings = {
				ALWAYS_SEARCH_USER_PATHS = NO;
				CLANG_CXX_LANGUAGE_STANDARD = "gnu++0x";
				CLANG_CXX_LIBRARY = "libc++";
				CLANG_ENABLE_MODULES = YES;
				CLANG_ENABLE_OBJC_ARC = YES;
				CLANG_WARN_BOOL_CONVERSION = YES;
				CLANG_WARN_CONSTANT_CONVERSION = YES;
				CLANG_WARN_DIRECT_OBJC_ISA_USAGE = YES_ERROR;
				CLANG_WARN_EMPTY_BODY = YES;
				CLANG_WARN_ENUM_CONVERSION = YES;
				CLANG_WARN_INT_CONVERSION = YES;
				CLANG_WARN_OBJC_ROOT_CLASS = YES_ERROR;
				CLANG_WARN_UNREACHABLE_CODE = YES;
				CLANG_WARN__DUPLICATE_METHOD_MATCH = YES;
				COPY_PHASE_STRIP = YES;
				DEBUG_INFORMATION_FORMAT = "dwarf-with-dsym";
				ENABLE_NS_ASSERTIONS = NO;
				ENABLE_STRICT_OBJC_MSGSEND = YES;
				GCC_C_LANGUAGE_STANDARD = gnu99;
				GCC_WARN_64_TO_32_BIT_CONVERSION = YES;
				GCC_WARN_ABOUT_RETURN_TYPE = YES_ERROR;
				GCC_WARN_UNDECLARED_SELECTOR = YES;
				GCC_WARN_UNINITIALIZED_AUTOS = YES_AGGRESSIVE;
				GCC_WARN_UNUSED_FUNCTION = YES;
				GCC_WARN_UNUSED_VARIABLE = YES;
				MACOSX_DEPLOYMENT_TARGET = 10.10;
				MTL_ENABLE_DEBUG_INFO = NO;
				SDKROOT = macosx;
			};
			name = Release;
		};
		CF2046781A81087100521293 /* Debug */ = {
			isa = XCBuildConfiguration;
			buildSettings = {
				PRODUCT_NAME = "$(TARGET_NAME)";
			};
			name = Debug;
		};
		CF2046791A81087100521293 /* Release */ = {
			isa = XCBuildConfiguration;
			buildSettings = {
				PRODUCT_NAME = "$(TARGET_NAME)";
			};
			name = Release;
		};
		CF2046881A81192100521293 /* Debug */ = {
			isa = XCBuildConfiguration;
			buildSettings = {
				ARCHS = "$(ARCHS_STANDARD)";
				COMBINE_HIDPI_IMAGES = YES;
				FRAMEWORK_SEARCH_PATHS = (
					"$(DEVELOPER_FRAMEWORKS_DIR)",
					"$(inherited)",
				);
				GCC_PREPROCESSOR_DEFINITIONS = (
					"DEBUG=1",
					"$(inherited)",
				);
				INFOPLIST_FILE = OC_Event_Test/Info.plist;
				LD_RUNPATH_SEARCH_PATHS = "$(inherited) @executable_path/../Frameworks @loader_path/../Frameworks";
				ONLY_ACTIVE_ARCH = YES;
				PRODUCT_NAME = "$(TARGET_NAME)";
				VALID_ARCHS = x86_64;
			};
			name = Debug;
		};
		CF2046891A81192100521293 /* Release */ = {
			isa = XCBuildConfiguration;
			buildSettings = {
				ARCHS = "$(ARCHS_STANDARD)";
				COMBINE_HIDPI_IMAGES = YES;
				FRAMEWORK_SEARCH_PATHS = (
					"$(DEVELOPER_FRAMEWORKS_DIR)",
					"$(inherited)",
				);
				INFOPLIST_FILE = OC_Event_Test/Info.plist;
				LD_RUNPATH_SEARCH_PATHS = "$(inherited) @executable_path/../Frameworks @loader_path/../Frameworks";
				ONLY_ACTIVE_ARCH = YES;
				PRODUCT_NAME = "$(TARGET_NAME)";
				VALID_ARCHS = x86_64;
			};
			name = Release;
		};
/* End XCBuildConfiguration section */

/* Begin XCConfigurationList section */
		CF20466B1A81087100521293 /* Build configuration list for PBXProject "OC_Event" */ = {
			isa = XCConfigurationList;
			buildConfigurations = (
				CF2046751A81087100521293 /* Debug */,
				CF2046761A81087100521293 /* Release */,
			);
			defaultConfigurationIsVisible = 0;
			defaultConfigurationName = Release;
		};
		CF2046771A81087100521293 /* Build configuration list for PBXNativeTarget "OC_Event" */ = {
			isa = XCConfigurationList;
			buildConfigurations = (
				CF2046781A81087100521293 /* Debug */,
				CF2046791A81087100521293 /* Release */,
			);
			defaultConfigurationIsVisible = 0;
			defaultConfigurationName = Release;
		};
		CF2046871A81192100521293 /* Build configuration list for PBXNativeTarget "OC_Event_Test" */ = {
			isa = XCConfigurationList;
			buildConfigurations = (
				CF2046881A81192100521293 /* Debug */,
				CF2046891A81192100521293 /* Release */,
			);
			defaultConfigurationIsVisible = 0;
			defaultConfigurationName = Release;
		};
/* End XCConfigurationList section */
	};
	rootObject = CF2046681A81087100521293 /* Project object */;
}
